// !$*UTF8*$!
{
	archiveVersion = 1;
	classes = {
	};
	objectVersion = 50;
	objects = {

/* Begin PBXBuildFile section */
		B624D26E25833BE000403D56 /* Person+CoreDataClass.swift in Sources */ = {isa = PBXBuildFile; fileRef = B624D26C25833BE000403D56 /* Person+CoreDataClass.swift */; };
		B624D26F25833BE000403D56 /* Person+CoreDataProperties.swift in Sources */ = {isa = PBXBuildFile; fileRef = B624D26D25833BE000403D56 /* Person+CoreDataProperties.swift */; };
		B624D27225833E5800403D56 /* PersonTableViewCell.swift in Sources */ = {isa = PBXBuildFile; fileRef = B624D27125833E5800403D56 /* PersonTableViewCell.swift */; };
		B6414A8E25872577001012E8 /* Constant.swift in Sources */ = {isa = PBXBuildFile; fileRef = B6414A8D25872577001012E8 /* Constant.swift */; };
		B6414A91258730FB001012E8 /* GlobalFunction.swift in Sources */ = {isa = PBXBuildFile; fileRef = B6414A90258730FB001012E8 /* GlobalFunction.swift */; };
		B655B59D2584AACE00EDD39E /* BirthDayToDayViewController.swift in Sources */ = {isa = PBXBuildFile; fileRef = B655B59C2584AACE00EDD39E /* BirthDayToDayViewController.swift */; };
		B655B5A02584B12700EDD39E /* BirthDayToDayTableViewCell.swift in Sources */ = {isa = PBXBuildFile; fileRef = B655B59F2584B12700EDD39E /* BirthDayToDayTableViewCell.swift */; };
		B6A7FA682585F3E4006A84E8 /* ActionViewController.swift in Sources */ = {isa = PBXBuildFile; fileRef = B6A7FA672585F3E4006A84E8 /* ActionViewController.swift */; };
		B6F4B1B42581F329005268F5 /* AppDelegate.swift in Sources */ = {isa = PBXBuildFile; fileRef = B6F4B1B32581F329005268F5 /* AppDelegate.swift */; };
		B6F4B1B62581F329005268F5 /* SceneDelegate.swift in Sources */ = {isa = PBXBuildFile; fileRef = B6F4B1B52581F329005268F5 /* SceneDelegate.swift */; };
		B6F4B1BB2581F329005268F5 /* Main.storyboard in Resources */ = {isa = PBXBuildFile; fileRef = B6F4B1B92581F329005268F5 /* Main.storyboard */; };
		B6F4B1BE2581F329005268F5 /* B1rthD4yReminder.xcdatamodeld in Sources */ = {isa = PBXBuildFile; fileRef = B6F4B1BC2581F329005268F5 /* B1rthD4yReminder.xcdatamodeld */; };
		B6F4B1C02581F329005268F5 /* Assets.xcassets in Resources */ = {isa = PBXBuildFile; fileRef = B6F4B1BF2581F329005268F5 /* Assets.xcassets */; };
		B6F4B1C32581F329005268F5 /* LaunchScreen.storyboard in Resources */ = {isa = PBXBuildFile; fileRef = B6F4B1C12581F329005268F5 /* LaunchScreen.storyboard */; };
		B6F4B1D0258203AD005268F5 /* PeopleViewController.swift in Sources */ = {isa = PBXBuildFile; fileRef = B6F4B1CF258203AD005268F5 /* PeopleViewController.swift */; };
		B6F4B1D325820412005268F5 /* PersonViewController.swift in Sources */ = {isa = PBXBuildFile; fileRef = B6F4B1D225820412005268F5 /* PersonViewController.swift */; };
		B6F4B1D725820A60005268F5 /* Extension.swift in Sources */ = {isa = PBXBuildFile; fileRef = B6F4B1D625820A60005268F5 /* Extension.swift */; };
/* End PBXBuildFile section */

/* Begin PBXFileReference section */
		B624D26C25833BE000403D56 /* Person+CoreDataClass.swift */ = {isa = PBXFileReference; lastKnownFileType = sourcecode.swift; path = "Person+CoreDataClass.swift"; sourceTree = "<group>"; };
		B624D26D25833BE000403D56 /* Person+CoreDataProperties.swift */ = {isa = PBXFileReference; lastKnownFileType = sourcecode.swift; path = "Person+CoreDataProperties.swift"; sourceTree = "<group>"; };
		B624D27125833E5800403D56 /* PersonTableViewCell.swift */ = {isa = PBXFileReference; lastKnownFileType = sourcecode.swift; path = PersonTableViewCell.swift; sourceTree = "<group>"; };
		B6414A8D25872577001012E8 /* Constant.swift */ = {isa = PBXFileReference; lastKnownFileType = sourcecode.swift; path = Constant.swift; sourceTree = "<group>"; };
		B6414A90258730FB001012E8 /* GlobalFunction.swift */ = {isa = PBXFileReference; lastKnownFileType = sourcecode.swift; path = GlobalFunction.swift; sourceTree = "<group>"; };
		B655B59C2584AACE00EDD39E /* BirthDayToDayViewController.swift */ = {isa = PBXFileReference; lastKnownFileType = sourcecode.swift; path = BirthDayToDayViewController.swift; sourceTree = "<group>"; };
		B655B59F2584B12700EDD39E /* BirthDayToDayTableViewCell.swift */ = {isa = PBXFileReference; lastKnownFileType = sourcecode.swift; path = BirthDayToDayTableViewCell.swift; sourceTree = "<group>"; };
		B6A7FA672585F3E4006A84E8 /* ActionViewController.swift */ = {isa = PBXFileReference; lastKnownFileType = sourcecode.swift; path = ActionViewController.swift; sourceTree = "<group>"; };
		B6F4B1B02581F329005268F5 /* B1rthD4yReminder.app */ = {isa = PBXFileReference; explicitFileType = wrapper.application; includeInIndex = 0; path = B1rthD4yReminder.app; sourceTree = BUILT_PRODUCTS_DIR; };
		B6F4B1B32581F329005268F5 /* AppDelegate.swift */ = {isa = PBXFileReference; lastKnownFileType = sourcecode.swift; path = AppDelegate.swift; sourceTree = "<group>"; };
		B6F4B1B52581F329005268F5 /* SceneDelegate.swift */ = {isa = PBXFileReference; lastKnownFileType = sourcecode.swift; path = SceneDelegate.swift; sourceTree = "<group>"; };
		B6F4B1BA2581F329005268F5 /* Base */ = {isa = PBXFileReference; lastKnownFileType = file.storyboard; name = Base; path = Base.lproj/Main.storyboard; sourceTree = "<group>"; };
		B6F4B1BD2581F329005268F5 /* B1rthD4yReminder.xcdatamodel */ = {isa = PBXFileReference; lastKnownFileType = wrapper.xcdatamodel; path = B1rthD4yReminder.xcdatamodel; sourceTree = "<group>"; };
		B6F4B1BF2581F329005268F5 /* Assets.xcassets */ = {isa = PBXFileReference; lastKnownFileType = folder.assetcatalog; path = Assets.xcassets; sourceTree = "<group>"; };
		B6F4B1C22581F329005268F5 /* Base */ = {isa = PBXFileReference; lastKnownFileType = file.storyboard; name = Base; path = Base.lproj/LaunchScreen.storyboard; sourceTree = "<group>"; };
		B6F4B1C42581F329005268F5 /* Info.plist */ = {isa = PBXFileReference; lastKnownFileType = text.plist.xml; path = Info.plist; sourceTree = "<group>"; };
		B6F4B1CF258203AD005268F5 /* PeopleViewController.swift */ = {isa = PBXFileReference; lastKnownFileType = sourcecode.swift; path = PeopleViewController.swift; sourceTree = "<group>"; };
		B6F4B1D225820412005268F5 /* PersonViewController.swift */ = {isa = PBXFileReference; lastKnownFileType = sourcecode.swift; path = PersonViewController.swift; sourceTree = "<group>"; };
		B6F4B1D625820A60005268F5 /* Extension.swift */ = {isa = PBXFileReference; lastKnownFileType = sourcecode.swift; path = Extension.swift; sourceTree = "<group>"; };
/* End PBXFileReference section */

/* Begin PBXFrameworksBuildPhase section */
		B6F4B1AD2581F329005268F5 /* Frameworks */ = {
			isa = PBXFrameworksBuildPhase;
			buildActionMask = 2147483647;
			files = (
			);
			runOnlyForDeploymentPostprocessing = 0;
		};
/* End PBXFrameworksBuildPhase section */

/* Begin PBXGroup section */
		B6F4B1A72581F329005268F5 = {
			isa = PBXGroup;
			children = (
				B624D26C25833BE000403D56 /* Person+CoreDataClass.swift */,
				B624D26D25833BE000403D56 /* Person+CoreDataProperties.swift */,
				B6F4B1B22581F329005268F5 /* B1rthD4yReminder */,
				B6F4B1B12581F329005268F5 /* Products */,
			);
			sourceTree = "<group>";
		};
		B6F4B1B12581F329005268F5 /* Products */ = {
			isa = PBXGroup;
			children = (
				B6F4B1B02581F329005268F5 /* B1rthD4yReminder.app */,
			);
			name = Products;
			sourceTree = "<group>";
		};
		B6F4B1B22581F329005268F5 /* B1rthD4yReminder */ = {
			isa = PBXGroup;
			children = (
				B6F4B1D525820A4A005268F5 /* Utility */,
				B6F4B1CD2582022B005268F5 /* Controllers */,
				B6F4B1B32581F329005268F5 /* AppDelegate.swift */,
				B6F4B1B52581F329005268F5 /* SceneDelegate.swift */,
				B6F4B1B92581F329005268F5 /* Main.storyboard */,
				B6F4B1BF2581F329005268F5 /* Assets.xcassets */,
				B6F4B1C12581F329005268F5 /* LaunchScreen.storyboard */,
				B6F4B1C42581F329005268F5 /* Info.plist */,
				B6F4B1BC2581F329005268F5 /* B1rthD4yReminder.xcdatamodeld */,
			);
			path = B1rthD4yReminder;
			sourceTree = "<group>";
		};
		B6F4B1CD2582022B005268F5 /* Controllers */ = {
			isa = PBXGroup;
			children = (
				B6F4B1CF258203AD005268F5 /* PeopleViewController.swift */,
				B6F4B1D225820412005268F5 /* PersonViewController.swift */,
				B655B59C2584AACE00EDD39E /* BirthDayToDayViewController.swift */,
				B624D27125833E5800403D56 /* PersonTableViewCell.swift */,
				B655B59F2584B12700EDD39E /* BirthDayToDayTableViewCell.swift */,
				B6A7FA672585F3E4006A84E8 /* ActionViewController.swift */,
			);
			path = Controllers;
			sourceTree = "<group>";
		};
		B6F4B1D525820A4A005268F5 /* Utility */ = {
			isa = PBXGroup;
			children = (
				B6F4B1D625820A60005268F5 /* Extension.swift */,
				B6414A90258730FB001012E8 /* GlobalFunction.swift */,
				B6414A8D25872577001012E8 /* Constant.swift */,
			);
			path = Utility;
			sourceTree = "<group>";
		};
/* End PBXGroup section */

/* Begin PBXNativeTarget section */
		B6F4B1AF2581F329005268F5 /* B1rthD4yReminder */ = {
			isa = PBXNativeTarget;
			buildConfigurationList = B6F4B1C72581F329005268F5 /* Build configuration list for PBXNativeTarget "B1rthD4yReminder" */;
			buildPhases = (
				B6F4B1AC2581F329005268F5 /* Sources */,
				B6F4B1AD2581F329005268F5 /* Frameworks */,
				B6F4B1AE2581F329005268F5 /* Resources */,
			);
			buildRules = (
			);
			dependencies = (
			);
			name = B1rthD4yReminder;
			productName = B1rthD4yReminder;
			productReference = B6F4B1B02581F329005268F5 /* B1rthD4yReminder.app */;
			productType = "com.apple.product-type.application";
		};
/* End PBXNativeTarget section */

/* Begin PBXProject section */
		B6F4B1A82581F329005268F5 /* Project object */ = {
			isa = PBXProject;
			attributes = {
				LastSwiftUpdateCheck = 1220;
				LastUpgradeCheck = 1220;
				TargetAttributes = {
					B6F4B1AF2581F329005268F5 = {
						CreatedOnToolsVersion = 12.2;
					};
				};
			};
			buildConfigurationList = B6F4B1AB2581F329005268F5 /* Build configuration list for PBXProject "B1rthD4yReminder" */;
			compatibilityVersion = "Xcode 9.3";
			developmentRegion = en;
			hasScannedForEncodings = 0;
			knownRegions = (
				en,
				Base,
			);
			mainGroup = B6F4B1A72581F329005268F5;
			productRefGroup = B6F4B1B12581F329005268F5 /* Products */;
			projectDirPath = "";
			projectRoot = "";
			targets = (
				B6F4B1AF2581F329005268F5 /* B1rthD4yReminder */,
			);
		};
/* End PBXProject section */

/* Begin PBXResourcesBuildPhase section */
		B6F4B1AE2581F329005268F5 /* Resources */ = {
			isa = PBXResourcesBuildPhase;
			buildActionMask = 2147483647;
			files = (
				B6F4B1C32581F329005268F5 /* LaunchScreen.storyboard in Resources */,
				B6F4B1C02581F329005268F5 /* Assets.xcassets in Resources */,
				B6F4B1BB2581F329005268F5 /* Main.storyboard in Resources */,
			);
			runOnlyForDeploymentPostprocessing = 0;
		};
/* End PBXResourcesBuildPhase section */

/* Begin PBXSourcesBuildPhase section */
		B6F4B1AC2581F329005268F5 /* Sources */ = {
			isa = PBXSourcesBuildPhase;
			buildActionMask = 2147483647;
			files = (
				B6F4B1D325820412005268F5 /* PersonViewController.swift in Sources */,
				B655B59D2584AACE00EDD39E /* BirthDayToDayViewController.swift in Sources */,
				B6414A91258730FB001012E8 /* GlobalFunction.swift in Sources */,
				B6A7FA682585F3E4006A84E8 /* ActionViewController.swift in Sources */,
				B624D26E25833BE000403D56 /* Person+CoreDataClass.swift in Sources */,
				B655B5A02584B12700EDD39E /* BirthDayToDayTableViewCell.swift in Sources */,
				B6F4B1BE2581F329005268F5 /* B1rthD4yReminder.xcdatamodeld in Sources */,
				B624D27225833E5800403D56 /* PersonTableViewCell.swift in Sources */,
				B6F4B1D0258203AD005268F5 /* PeopleViewController.swift in Sources */,
				B624D26F25833BE000403D56 /* Person+CoreDataProperties.swift in Sources */,
				B6414A8E25872577001012E8 /* Constant.swift in Sources */,
				B6F4B1D725820A60005268F5 /* Extension.swift in Sources */,
				B6F4B1B42581F329005268F5 /* AppDelegate.swift in Sources */,
				B6F4B1B62581F329005268F5 /* SceneDelegate.swift in Sources */,
			);
			runOnlyForDeploymentPostprocessing = 0;
		};
/* End PBXSourcesBuildPhase section */

/* Begin PBXVariantGroup section */
		B6F4B1B92581F329005268F5 /* Main.storyboard */ = {
			isa = PBXVariantGroup;
			children = (
				B6F4B1BA2581F329005268F5 /* Base */,
			);
			name = Main.storyboard;
			sourceTree = "<group>";
		};
		B6F4B1C12581F329005268F5 /* LaunchScreen.storyboard */ = {
			isa = PBXVariantGroup;
			children = (
				B6F4B1C22581F329005268F5 /* Base */,
			);
			name = LaunchScreen.storyboard;
			sourceTree = "<group>";
		};
/* End PBXVariantGroup section */

/* Begin XCBuildConfiguration section */
		B6F4B1C52581F329005268F5 /* Debug */ = {
			isa = XCBuildConfiguration;
			buildSettings = {
				ALWAYS_SEARCH_USER_PATHS = NO;
				CLANG_ANALYZER_NONNULL = YES;
				CLANG_ANALYZER_NUMBER_OBJECT_CONVERSION = YES_AGGRESSIVE;
				CLANG_CXX_LANGUAGE_STANDARD = "gnu++14";
				CLANG_CXX_LIBRARY = "libc++";
				CLANG_ENABLE_MODULES = YES;
				CLANG_ENABLE_OBJC_ARC = YES;
				CLANG_ENABLE_OBJC_WEAK = YES;
				CLANG_WARN_BLOCK_CAPTURE_AUTORELEASING = YES;
				CLANG_WARN_BOOL_CONVERSION = YES;
				CLANG_WARN_COMMA = YES;
				CLANG_WARN_CONSTANT_CONVERSION = YES;
				CLANG_WARN_DEPRECATED_OBJC_IMPLEMENTATIONS = YES;
				CLANG_WARN_DIRECT_OBJC_ISA_USAGE = YES_ERROR;
				CLANG_WARN_DOCUMENTATION_COMMENTS = YES;
				CLANG_WARN_EMPTY_BODY = YES;
				CLANG_WARN_ENUM_CONVERSION = YES;
				CLANG_WARN_INFINITE_RECURSION = YES;
				CLANG_WARN_INT_CONVERSION = YES;
				CLANG_WARN_NON_LITERAL_NULL_CONVERSION = YES;
				CLANG_WARN_OBJC_IMPLICIT_RETAIN_SELF = YES;
				CLANG_WARN_OBJC_LITERAL_CONVERSION = YES;
				CLANG_WARN_OBJC_ROOT_CLASS = YES_ERROR;
				CLANG_WARN_QUOTED_INCLUDE_IN_FRAMEWORK_HEADER = YES;
				CLANG_WARN_RANGE_LOOP_ANALYSIS = YES;
				CLANG_WARN_STRICT_PROTOTYPES = YES;
				CLANG_WARN_SUSPICIOUS_MOVE = YES;
				CLANG_WARN_UNGUARDED_AVAILABILITY = YES_AGGRESSIVE;
				CLANG_WARN_UNREACHABLE_CODE = YES;
				CLANG_WARN__DUPLICATE_METHOD_MATCH = YES;
				COPY_PHASE_STRIP = NO;
				DEBUG_INFORMATION_FORMAT = dwarf;
				ENABLE_STRICT_OBJC_MSGSEND = YES;
				ENABLE_TESTABILITY = YES;
				GCC_C_LANGUAGE_STANDARD = gnu11;
				GCC_DYNAMIC_NO_PIC = NO;
				GCC_NO_COMMON_BLOCKS = YES;
				GCC_OPTIMIZATION_LEVEL = 0;
				GCC_PREPROCESSOR_DEFINITIONS = (
					"DEBUG=1",
					"$(inherited)",
				);
				GCC_WARN_64_TO_32_BIT_CONVERSION = YES;
				GCC_WARN_ABOUT_RETURN_TYPE = YES_ERROR;
				GCC_WARN_UNDECLARED_SELECTOR = YES;
				GCC_WARN_UNINITIALIZED_AUTOS = YES_AGGRESSIVE;
				GCC_WARN_UNUSED_FUNCTION = YES;
				GCC_WARN_UNUSED_VARIABLE = YES;
				IPHONEOS_DEPLOYMENT_TARGET = 14.2;
				MTL_ENABLE_DEBUG_INFO = INCLUDE_SOURCE;
				MTL_FAST_MATH = YES;
				ONLY_ACTIVE_ARCH = YES;
				SDKROOT = iphoneos;
				SWIFT_ACTIVE_COMPILATION_CONDITIONS = DEBUG;
				SWIFT_OPTIMIZATION_LEVEL = "-Onone";
			};
			name = Debug;
		};
		B6F4B1C62581F329005268F5 /* Release */ = {
			isa = XCBuildConfiguration;
			buildSettings = {
				ALWAYS_SEARCH_USER_PATHS = NO;
				CLANG_ANALYZER_NONNULL = YES;
				CLANG_ANALYZER_NUMBER_OBJECT_CONVERSION = YES_AGGRESSIVE;
				CLANG_CXX_LANGUAGE_STANDARD = "gnu++14";
				CLANG_CXX_LIBRARY = "libc++";
				CLANG_ENABLE_MODULES = YES;
				CLANG_ENABLE_OBJC_ARC = YES;
				CLANG_ENABLE_OBJC_WEAK = YES;
				CLANG_WARN_BLOCK_CAPTURE_AUTORELEASING = YES;
				CLANG_WARN_BOOL_CONVERSION = YES;
				CLANG_WARN_COMMA = YES;
				CLANG_WARN_CONSTANT_CONVERSION = YES;
				CLANG_WARN_DEPRECATED_OBJC_IMPLEMENTATIONS = YES;
				CLANG_WARN_DIRECT_OBJC_ISA_USAGE = YES_ERROR;
				CLANG_WARN_DOCUMENTATION_COMMENTS = YES;
				CLANG_WARN_EMPTY_BODY = YES;
				CLANG_WARN_ENUM_CONVERSION = YES;
				CLANG_WARN_INFINITE_RECURSION = YES;
				CLANG_WARN_INT_CONVERSION = YES;
				CLANG_WARN_NON_LITERAL_NULL_CONVERSION = YES;
				CLANG_WARN_OBJC_IMPLICIT_RETAIN_SELF = YES;
				CLANG_WARN_OBJC_LITERAL_CONVERSION = YES;
				CLANG_WARN_OBJC_ROOT_CLASS = YES_ERROR;
				CLANG_WARN_QUOTED_INCLUDE_IN_FRAMEWORK_HEADER = YES;
				CLANG_WARN_RANGE_LOOP_ANALYSIS = YES;
				CLANG_WARN_STRICT_PROTOTYPES = YES;
				CLANG_WARN_SUSPICIOUS_MOVE = YES;
				CLANG_WARN_UNGUARDED_AVAILABILITY = YES_AGGRESSIVE;
				CLANG_WARN_UNREACHABLE_CODE = YES;
				CLANG_WARN__DUPLICATE_METHOD_MATCH = YES;
				COPY_PHASE_STRIP = NO;
				DEBUG_INFORMATION_FORMAT = "dwarf-with-dsym";
				ENABLE_NS_ASSERTIONS = NO;
				ENABLE_STRICT_OBJC_MSGSEND = YES;
				GCC_C_LANGUAGE_STANDARD = gnu11;
				GCC_NO_COMMON_BLOCKS = YES;
				GCC_WARN_64_TO_32_BIT_CONVERSION = YES;
				GCC_WARN_ABOUT_RETURN_TYPE = YES_ERROR;
				GCC_WARN_UNDECLARED_SELECTOR = YES;
				GCC_WARN_UNINITIALIZED_AUTOS = YES_AGGRESSIVE;
				GCC_WARN_UNUSED_FUNCTION = YES;
				GCC_WARN_UNUSED_VARIABLE = YES;
				IPHONEOS_DEPLOYMENT_TARGET = 14.2;
				MTL_ENABLE_DEBUG_INFO = NO;
				MTL_FAST_MATH = YES;
				SDKROOT = iphoneos;
				SWIFT_COMPILATION_MODE = wholemodule;
				SWIFT_OPTIMIZATION_LEVEL = "-O";
				VALIDATE_PRODUCT = YES;
			};
			name = Release;
		};
		B6F4B1C82581F329005268F5 /* Debug */ = {
			isa = XCBuildConfiguration;
			buildSettings = {
				ASSETCATALOG_COMPILER_APPICON_NAME = AppIcon;
				ASSETCATALOG_COMPILER_GLOBAL_ACCENT_COLOR_NAME = AccentColor;
				CODE_SIGN_STYLE = Automatic;
				DEVELOPMENT_TEAM = 3JRCZ9PVD2;
				INFOPLIST_FILE = B1rthD4yReminder/Info.plist;
				LD_RUNPATH_SEARCH_PATHS = (
					"$(inherited)",
					"@executable_path/Frameworks",
				);
				PRODUCT_BUNDLE_IDENTIFIER = com.huyquocnguyen1902.B1rthD4yReminder;
				PRODUCT_NAME = "$(TARGET_NAME)";
				SWIFT_VERSION = 5.0;
				TARGETED_DEVICE_FAMILY = 1;
			};
			name = Debug;
		};
		B6F4B1C92581F329005268F5 /* Release */ = {
			isa = XCBuildConfiguration;
			buildSettings = {
				ASSETCATALOG_COMPILER_APPICON_NAME = AppIcon;
				ASSETCATALOG_COMPILER_GLOBAL_ACCENT_COLOR_NAME = AccentColor;
				CODE_SIGN_STYLE = Automatic;
				DEVELOPMENT_TEAM = 3JRCZ9PVD2;
				INFOPLIST_FILE = B1rthD4yReminder/Info.plist;
				LD_RUNPATH_SEARCH_PATHS = (
					"$(inherited)",
					"@executable_path/Frameworks",
				);
				PRODUCT_BUNDLE_IDENTIFIER = com.huyquocnguyen1902.B1rthD4yReminder;
				PRODUCT_NAME = "$(TARGET_NAME)";
				SWIFT_VERSION = 5.0;
				TARGETED_DEVICE_FAMILY = 1;
			};
			name = Release;
		};
/* End XCBuildConfiguration section */

/* Begin XCConfigurationList section */
		B6F4B1AB2581F329005268F5 /* Build configuration list for PBXProject "B1rthD4yReminder" */ = {
			isa = XCConfigurationList;
			buildConfigurations = (
				B6F4B1C52581F329005268F5 /* Debug */,
				B6F4B1C62581F329005268F5 /* Release */,
			);
			defaultConfigurationIsVisible = 0;
			defaultConfigurationName = Release;
		};
		B6F4B1C72581F329005268F5 /* Build configuration list for PBXNativeTarget "B1rthD4yReminder" */ = {
			isa = XCConfigurationList;
			buildConfigurations = (
				B6F4B1C82581F329005268F5 /* Debug */,
				B6F4B1C92581F329005268F5 /* Release */,
			);
			defaultConfigurationIsVisible = 0;
			defaultConfigurationName = Release;
		};
/* End XCConfigurationList section */

/* Begin XCVersionGroup section */
		B6F4B1BC2581F329005268F5 /* B1rthD4yReminder.xcdatamodeld */ = {
			isa = XCVersionGroup;
			children = (
				B6F4B1BD2581F329005268F5 /* B1rthD4yReminder.xcdatamodel */,
			);
			currentVersion = B6F4B1BD2581F329005268F5 /* B1rthD4yReminder.xcdatamodel */;
			path = B1rthD4yReminder.xcdatamodeld;
			sourceTree = "<group>";
			versionGroupType = wrapper.xcdatamodel;
		};
/* End XCVersionGroup section */
	};
	rootObject = B6F4B1A82581F329005268F5 /* Project object */;
}
